{
  "name": "@zyprexh/zyp-tea",
  "version": "1.0.0",
  "lockfileVersion": 2,
  "requires": true,
  "packages": {
    "": {
      "name": "@zyprexh/zyp-tea",
      "version": "1.0.0",
      "license": "ISC",
      "dependencies": {
        "zyp-tea": "^1.0.0"
      },
      "devDependencies": {}
    },
    "node_modules/zyp-tea": {
      "version": "1.0.0",
      "resolved": "https://registry.npmjs.org/zyp-tea/-/zyp-tea-1.0.0.tgz",
      "integrity": "sha512-cmhnZmdckykyzZL+ZdL3487qjqra6oaXkEA1Wp4aie6bf02HtUegXIpxrqFTAJovqWrM5HWUQZxzaw+bEzXHuw=="
    }
  },
  "dependencies": {
    "zyp-tea": {
      "version": "1.0.0",
      "resolved": "https://registry.npmjs.org/zyp-tea/-/zyp-tea-1.0.0.tgz",
      "integrity": "sha512-cmhnZmdckykyzZL+ZdL3487qjqra6oaXkEA1Wp4aie6bf02HtUegXIpxrqFTAJovqWrM5HWUQZxzaw+bEzXHuw=="
    }
  }
}
